
Microsoft Visual Studio Solution File, Format Version 12.00
# Visual Studio Version 16
VisualStudioVersion = 16.0.31515.178
MinimumVisualStudioVersion = 10.0.40219.1
Project("{FAE04EC0-301F-11D3-BF4B-00C04F79EFBC}") = "emp_managment", "emp_managment\emp_managment.csproj", "{3CDF3556-E034-4893-BF25-8FB0B24D9310}"
EndProject
Global
	GlobalSection(SolutionConfigurationPlatforms) = preSolution
		Debug|Any CPU = Debug|Any CPU
		Release|Any CPU = Release|Any CPU
	EndGlobalSection
	GlobalSection(ProjectConfigurationPlatforms) = postSolution
		{3CDF3556-E034-4893-BF25-8FB0B24D9310}.Debug|Any CPU.ActiveCfg = Debug|Any CPU
		{3CDF3556-E034-4893-BF25-8FB0B24D9310}.Debug|Any CPU.Build.0 = Debug|Any CPU
		{3CDF3556-E034-4893-BF25-8FB0B24D9310}.Release|Any CPU.ActiveCfg = Release|Any CPU
		{3CDF3556-E034-4893-BF25-8FB0B24D9310}.Release|Any CPU.Build.0 = Release|Any CPU
	EndGlobalSection
	GlobalSection(SolutionProperties) = preSolution
		HideSolutionNode = FALSE
	EndGlobalSection
	GlobalSection(ExtensibilityGlobals) = postSolution
		SolutionGuid = {F1E0CBC7-1973-4FC1-9322-676BCC2C8984}
	EndGlobalSection
EndGlobal
